
Microsoft Visual Studio Solution File, Format Version 12.00
# Visual Studio Version 17
VisualStudioVersion = 17.9.34728.123
MinimumVisualStudioVersion = 10.0.40219.1
Project("{9A19103F-16F7-4668-BE54-9A1E7A4F7556}") = "SharedLib", "SharedLib\SharedLib.csproj", "{F8011FEE-A2AB-475C-A071-E14494AD6C2A}"
EndProject
Global
	GlobalSection(SolutionConfigurationPlatforms) = preSolution
		Debug|Any CPU = Debug|Any CPU
		Release|Any CPU = Release|Any CPU
	EndGlobalSection
	GlobalSection(ProjectConfigurationPlatforms) = postSolution
		{F8011FEE-A2AB-475C-A071-E14494AD6C2A}.Debug|Any CPU.ActiveCfg = Release|Any CPU
		{F8011FEE-A2AB-475C-A071-E14494AD6C2A}.Debug|Any CPU.Build.0 = Release|Any CPU
		{F8011FEE-A2AB-475C-A071-E14494AD6C2A}.Release|Any CPU.ActiveCfg = Release|Any CPU
		{F8011FEE-A2AB-475C-A071-E14494AD6C2A}.Release|Any CPU.Build.0 = Release|Any CPU
	EndGlobalSection
	GlobalSection(SolutionProperties) = preSolution
		HideSolutionNode = FALSE
	EndGlobalSection
	GlobalSection(ExtensibilityGlobals) = postSolution
		SolutionGuid = {49DBDF2B-34D5-42A6-B084-C63328A247A1}
	EndGlobalSection
EndGlobal
